
Microsoft Visual Studio Solution File, Format Version 12.00
# Visual Studio Version 16
VisualStudioVersion = 16.0.31702.278
MinimumVisualStudioVersion = 10.0.40219.1
Project("{FAE04EC0-301F-11D3-BF4B-00C04F79EFBC}") = "Laba4", "Laba4.csproj", "{0A7691AA-566B-400A-B838-C103A8F97E19}"
EndProject
Global
	GlobalSection(SolutionConfigurationPlatforms) = preSolution
		Debug|Any CPU = Debug|Any CPU
		Release|Any CPU = Release|Any CPU
	EndGlobalSection
	GlobalSection(ProjectConfigurationPlatforms) = postSolution
		{0A7691AA-566B-400A-B838-C103A8F97E19}.Debug|Any CPU.ActiveCfg = Debug|Any CPU
		{0A7691AA-566B-400A-B838-C103A8F97E19}.Debug|Any CPU.Build.0 = Debug|Any CPU
		{0A7691AA-566B-400A-B838-C103A8F97E19}.Release|Any CPU.ActiveCfg = Release|Any CPU
		{0A7691AA-566B-400A-B838-C103A8F97E19}.Release|Any CPU.Build.0 = Release|Any CPU
	EndGlobalSection
	GlobalSection(SolutionProperties) = preSolution
		HideSolutionNode = FALSE
	EndGlobalSection
	GlobalSection(ExtensibilityGlobals) = postSolution
		SolutionGuid = {A38F2252-F486-4E4E-B560-B5120FE86666}
	EndGlobalSection
EndGlobal
